<?xml version="1.0" encoding="utf-8"?>
<Project ToolsVersion="4.0" xmlns="http://schemas.microsoft.com/developer/msbuild/2003">
  <ItemGroup>
    <Filter Include="소스 파일">
      <UniqueIdentifier>{4FC737F1-C7A5-4376-A066-2A32D752A2FF}</UniqueIdentifier>
      <Extensions>cpp;c;cc;cxx;def;odl;idl;hpj;bat;asm;asmx</Extensions>
    </Filter>
    <Filter Include="헤더 파일">
      <UniqueIdentifier>{93995380-89BD-4b04-88EB-625FBE52EBFB}</UniqueIdentifier>
      <Extensions>h;hh;hpp;hxx;hm;inl;inc;ipp;xsd</Extensions>
    </Filter>
    <Filter Include="리소스 파일">
      <UniqueIdentifier>{67DA6AB6-F800-4c08-8B7A-83BB121AAD01}</UniqueIdentifier>
      <Extensions>rc;ico;cur;bmp;dlg;rc2;rct;bin;rgs;gif;jpg;jpeg;jpe;resx;tiff;tif;png;wav;mfcribbon-ms</Extensions>
    </Filter>
    <Filter Include="2DGameFramework">
      <UniqueIdentifier>{d4228325-ab86-4575-8d38-59949d73a0ec}</UniqueIdentifier>
    </Filter>
    <Filter Include="playGround">
      <UniqueIdentifier>{84513b37-b08c-49e4-bd15-6f8f6752b18e}</UniqueIdentifier>
    </Filter>
    <Filter Include="2DGameFramework\SingletonBase">
      <UniqueIdentifier>{8785790c-f93f-411d-90ff-bd2e05bd6334}</UniqueIdentifier>
    </Filter>
    <Filter Include="2DGameFramework\Manager">
      <UniqueIdentifier>{ddfb3dc3-ec5a-4752-880c-db14429b78a1}</UniqueIdentifier>
    </Filter>
    <Filter Include="2DGameFramework\image">
      <UniqueIdentifier>{73affc36-76a7-43ee-9dc2-13a65e5a5209}</UniqueIdentifier>
    </Filter>
    <Filter Include="2DGameFramework\Utils">
      <UniqueIdentifier>{dbe4a488-41b4-49cf-8cff-49dbace1d532}</UniqueIdentifier>
    </Filter>
    <Filter Include="playGround\Bullets">
      <UniqueIdentifier>{df5535ce-8bd9-4fd9-9a63-d453b4350b27}</UniqueIdentifier>
    </Filter>
    <Filter Include="2DGameFramework\txtData">
      <UniqueIdentifier>{b0748259-6cd0-418a-aed2-412f85d75813}</UniqueIdentifier>
    </Filter>
    <Filter Include="2DGameFramework\timer">
      <UniqueIdentifier>{51ba2134-09a6-4e4a-a113-fec61f8f954a}</UniqueIdentifier>
    </Filter>
    <Filter Include="2DGameFramework\animation">
      <UniqueIdentifier>{fb20fc3d-f78c-4396-a07a-e840a861adde}</UniqueIdentifier>
    </Filter>
    <Filter Include="2DGameFramework\effect">
      <UniqueIdentifier>{636d27ed-03a5-48da-b1cf-b7f6dad3d4bf}</UniqueIdentifier>
    </Filter>
    <Filter Include="2DGameFramework\action">
      <UniqueIdentifier>{936fa078-09d7-4d41-8553-9de447d9f438}</UniqueIdentifier>
    </Filter>
    <Filter Include="playGround\Player">
      <UniqueIdentifier>{50f95c9e-e6e6-4f4b-a5db-5e57d57524b7}</UniqueIdentifier>
    </Filter>
    <Filter Include="playGround\Scene">
      <UniqueIdentifier>{5bb520b2-04b0-4949-b704-f30f899a5731}</UniqueIdentifier>
    </Filter>
    <Filter Include="playGround\Collision">
      <UniqueIdentifier>{add84a45-9e00-4f38-88d9-34d042b504c5}</UniqueIdentifier>
    </Filter>
    <Filter Include="playGround\enemy">
      <UniqueIdentifier>{3b1494db-cd21-4c16-b630-d7814b75fad1}</UniqueIdentifier>
    </Filter>
    <Filter Include="playGround\mapTool">
      <UniqueIdentifier>{e01f1e36-b77c-4e8d-9216-f7db20e55f09}</UniqueIdentifier>
    </Filter>
    <Filter Include="playGround\UI">
      <UniqueIdentifier>{adceef51-db90-4dca-873e-32211000bbd8}</UniqueIdentifier>
    </Filter>
    <Filter Include="playGround\itemManager">
      <UniqueIdentifier>{909c7a58-3c2a-4ac3-86da-b2469b1b1f2f}</UniqueIdentifier>
    </Filter>
    <Filter Include="playGround\npc">
      <UniqueIdentifier>{fd71a21f-730e-439a-8344-5e7f93e988d6}</UniqueIdentifier>
    </Filter>
    <Filter Include="playGround\npc\village">
      <UniqueIdentifier>{bad12081-88b3-4370-ae84-87875d8af696}</UniqueIdentifier>
    </Filter>
  </ItemGroup>
  <ItemGroup>
    <ClInclude Include="stdafx.h">
      <Filter>헤더 파일</Filter>
    </ClInclude>
    <ClInclude Include="targetver.h">
      <Filter>헤더 파일</Filter>
    </ClInclude>
    <ClInclude Include="Resource.h">
      <Filter>헤더 파일</Filter>
    </ClInclude>
    <ClInclude Include="commonMacroFunction.h">
      <Filter>헤더 파일</Filter>
    </ClInclude>
    <ClInclude Include="gameNode.h">
      <Filter>2DGameFramework</Filter>
    </ClInclude>
    <ClInclude Include="playGround.h">
      <Filter>playGround</Filter>
    </ClInclude>
    <ClInclude Include="singletonBase.h">
      <Filter>2DGameFramework\SingletonBase</Filter>
    </ClInclude>
    <ClInclude Include="randomFunction.h">
      <Filter>헤더 파일</Filter>
    </ClInclude>
    <ClInclude Include="keyManager.h">
      <Filter>2DGameFramework\Manager</Filter>
    </ClInclude>
    <ClInclude Include="image.h">
      <Filter>2DGameFramework\image</Filter>
    </ClInclude>
    <ClInclude Include="utils.h">
      <Filter>2DGameFramework\Utils</Filter>
    </ClInclude>
    <ClInclude Include="bullets.h">
      <Filter>playGround\Bullets</Filter>
    </ClInclude>
    <ClInclude Include="txtData.h">
      <Filter>2DGameFramework\txtData</Filter>
    </ClInclude>
    <ClInclude Include="timer.h">
      <Filter>2DGameFramework\timer</Filter>
    </ClInclude>
    <ClInclude Include="timeManager.h">
      <Filter>2DGameFramework\Manager</Filter>
    </ClInclude>
    <ClInclude Include="animation.h">
      <Filter>2DGameFramework\animation</Filter>
    </ClInclude>
    <ClInclude Include="effect.h">
      <Filter>2DGameFramework\effect</Filter>
    </ClInclude>
    <ClInclude Include="effectManager.h">
      <Filter>2DGameFramework\Manager</Filter>
    </ClInclude>
    <ClInclude Include="sceneManager.h">
      <Filter>2DGameFramework\Manager</Filter>
    </ClInclude>
    <ClInclude Include="soundManager.h">
      <Filter>2DGameFramework\Manager</Filter>
    </ClInclude>
    <ClInclude Include="action.h">
      <Filter>2DGameFramework\action</Filter>
    </ClInclude>
    <ClInclude Include="iniDataManager.h">
      <Filter>2DGameFramework\Manager</Filter>
    </ClInclude>
    <ClInclude Include="D2Dmanager.h">
      <Filter>2DGameFramework\Manager</Filter>
    </ClInclude>
    <ClInclude Include="CameraManager.h">
      <Filter>2DGameFramework\Manager</Filter>
    </ClInclude>
    <ClInclude Include="ImageManager.h">
      <Filter>2DGameFramework\Manager</Filter>
    </ClInclude>
    <ClInclude Include="keyAniManager.h">
      <Filter>2DGameFramework\Manager</Filter>
    </ClInclude>
    <ClInclude Include="collision.h">
      <Filter>playGround\Collision</Filter>
    </ClInclude>
    <ClInclude Include="enemy.h">
      <Filter>playGround\enemy</Filter>
    </ClInclude>
    <ClInclude Include="enemyManager.h">
      <Filter>playGround\enemy</Filter>
    </ClInclude>
    <ClInclude Include="player.h">
      <Filter>playGround\Player</Filter>
    </ClInclude>
    <ClInclude Include="mapTool.h">
      <Filter>playGround\mapTool</Filter>
    </ClInclude>
    <ClInclude Include="tileNode.h">
      <Filter>playGround\mapTool</Filter>
    </ClInclude>
    <ClInclude Include="title.h">
      <Filter>playGround\Scene</Filter>
    </ClInclude>
    <ClInclude Include="village.h">
      <Filter>playGround\Scene</Filter>
    </ClInclude>
    <ClInclude Include="item.h">
      <Filter>playGround\itemManager</Filter>
    </ClInclude>
    <ClInclude Include="itemManager.h">
      <Filter>playGround\itemManager</Filter>
    </ClInclude>
    <ClInclude Include="npcManager.h">
      <Filter>playGround\npc</Filter>
    </ClInclude>
    <ClInclude Include="npcBlackSmith.h">
      <Filter>playGround\npc\village</Filter>
    </ClInclude>
    <ClInclude Include="bat.h">
      <Filter>playGround\enemy</Filter>
    </ClInclude>
    <ClInclude Include="maggot.h">
      <Filter>playGround\enemy</Filter>
    </ClInclude>
    <ClInclude Include="skeleton.h">
      <Filter>playGround\enemy</Filter>
    </ClInclude>
    <ClInclude Include="tick.h">
      <Filter>playGround\enemy</Filter>
    </ClInclude>
    <ClInclude Include="dungeon.h">
      <Filter>playGround\Scene</Filter>
    </ClInclude>
    <ClInclude Include="testMap.h">
      <Filter>playGround\Scene</Filter>
    </ClInclude>
    <ClInclude Include="Ui.h">
      <Filter>playGround\UI</Filter>
    </ClInclude>
    <ClInclude Include="MouseCursor.h">
      <Filter>playGround\UI</Filter>
    </ClInclude>
    <ClInclude Include="tile.h">
      <Filter>playGround\mapTool</Filter>
    </ClInclude>
    <ClInclude Include="data.h">
      <Filter>playGround\UI</Filter>
    </ClInclude>
    <ClInclude Include="npcNode.h">
      <Filter>playGround\npc</Filter>
    </ClInclude>
    <ClInclude Include="npcTownHall.h">
      <Filter>playGround\npc\village</Filter>
    </ClInclude>
  </ItemGroup>
  <ItemGroup>
    <ClCompile Include="stdafx.cpp">
      <Filter>소스 파일</Filter>
    </ClCompile>
    <ClCompile Include="winMain.cpp">
      <Filter>소스 파일</Filter>
    </ClCompile>
    <ClCompile Include="gameNode.cpp">
      <Filter>2DGameFramework</Filter>
    </ClCompile>
    <ClCompile Include="playGround.cpp">
      <Filter>playGround</Filter>
    </ClCompile>
    <ClCompile Include="keyManager.cpp">
      <Filter>2DGameFramework\Manager</Filter>
    </ClCompile>
    <ClCompile Include="image.cpp">
      <Filter>2DGameFramework\image</Filter>
    </ClCompile>
    <ClCompile Include="utils.cpp">
      <Filter>2DGameFramework\Utils</Filter>
    </ClCompile>
    <ClCompile Include="bullets.cpp">
      <Filter>playGround\Bullets</Filter>
    </ClCompile>
    <ClCompile Include="txtData.cpp">
      <Filter>2DGameFramework\txtData</Filter>
    </ClCompile>
    <ClCompile Include="timer.cpp">
      <Filter>2DGameFramework\timer</Filter>
    </ClCompile>
    <ClCompile Include="timeManager.cpp">
      <Filter>2DGameFramework\Manager</Filter>
    </ClCompile>
    <ClCompile Include="animation.cpp">
      <Filter>2DGameFramework\animation</Filter>
    </ClCompile>
    <ClCompile Include="effect.cpp">
      <Filter>2DGameFramework\effect</Filter>
    </ClCompile>
    <ClCompile Include="effectManager.cpp">
      <Filter>2DGameFramework\Manager</Filter>
    </ClCompile>
    <ClCompile Include="sceneManager.cpp">
      <Filter>2DGameFramework\Manager</Filter>
    </ClCompile>
    <ClCompile Include="soundManager.cpp">
      <Filter>2DGameFramework\Manager</Filter>
    </ClCompile>
    <ClCompile Include="action.cpp">
      <Filter>2DGameFramework\action</Filter>
    </ClCompile>
    <ClCompile Include="iniDataManager.cpp">
      <Filter>2DGameFramework\Manager</Filter>
    </ClCompile>
    <ClCompile Include="D2Dmanager.cpp">
      <Filter>2DGameFramework\Manager</Filter>
    </ClCompile>
    <ClCompile Include="CameraManager.cpp">
      <Filter>2DGameFramework\Manager</Filter>
    </ClCompile>
    <ClCompile Include="ImageManager.cpp">
      <Filter>2DGameFramework\Manager</Filter>
    </ClCompile>
    <ClCompile Include="keyAniManager.cpp">
      <Filter>2DGameFramework\Manager</Filter>
    </ClCompile>
    <ClCompile Include="collision.cpp">
      <Filter>playGround\Collision</Filter>
    </ClCompile>
    <ClCompile Include="enemy.cpp">
      <Filter>playGround\enemy</Filter>
    </ClCompile>
    <ClCompile Include="enemyManager.cpp">
      <Filter>playGround\enemy</Filter>
    </ClCompile>
    <ClCompile Include="player.cpp">
      <Filter>playGround\Player</Filter>
    </ClCompile>
    <ClCompile Include="state.cpp">
      <Filter>playGround\Player</Filter>
    </ClCompile>
    <ClCompile Include="paladin.cpp">
      <Filter>playGround\Player</Filter>
    </ClCompile>
    <ClCompile Include="ranger.cpp">
      <Filter>playGround\Player</Filter>
    </ClCompile>
    <ClCompile Include="mapTool.cpp">
      <Filter>playGround\mapTool</Filter>
    </ClCompile>
    <ClCompile Include="title.cpp">
      <Filter>playGround\Scene</Filter>
    </ClCompile>
    <ClCompile Include="village.cpp">
      <Filter>playGround\Scene</Filter>
    </ClCompile>
    <ClCompile Include="item.cpp">
      <Filter>playGround\itemManager</Filter>
    </ClCompile>
    <ClCompile Include="itemManager.cpp">
      <Filter>playGround\itemManager</Filter>
    </ClCompile>
    <ClCompile Include="npcManager.cpp">
      <Filter>playGround\npc</Filter>
    </ClCompile>
    <ClCompile Include="npcBlackSmith.cpp">
      <Filter>playGround\npc\village</Filter>
    </ClCompile>
    <ClCompile Include="bat.cpp">
      <Filter>playGround\enemy</Filter>
    </ClCompile>
    <ClCompile Include="maggot.cpp">
      <Filter>playGround\enemy</Filter>
    </ClCompile>
    <ClCompile Include="skeleton.cpp">
      <Filter>playGround\enemy</Filter>
    </ClCompile>
    <ClCompile Include="tick.cpp">
      <Filter>playGround\enemy</Filter>
    </ClCompile>
    <ClCompile Include="dungeon.cpp">
      <Filter>playGround\Scene</Filter>
    </ClCompile>
    <ClCompile Include="testMap.cpp">
      <Filter>playGround\Scene</Filter>
    </ClCompile>
    <ClCompile Include="Ui.cpp">
      <Filter>playGround\UI</Filter>
    </ClCompile>
    <ClCompile Include="MouseCursor.cpp">
      <Filter>playGround\UI</Filter>
    </ClCompile>
    <ClCompile Include="tile.cpp">
      <Filter>playGround\mapTool</Filter>
    </ClCompile>
    <ClCompile Include="data.cpp">
      <Filter>playGround\UI</Filter>
    </ClCompile>
    <ClCompile Include="npcNode.cpp">
      <Filter>playGround\npc</Filter>
    </ClCompile>
    <ClCompile Include="npcTownHall.cpp">
      <Filter>playGround\npc\village</Filter>
    </ClCompile>
  </ItemGroup>
  <ItemGroup>
    <ResourceCompile Include="windowAPI.rc">
      <Filter>리소스 파일</Filter>
    </ResourceCompile>
  </ItemGroup>
  <ItemGroup>
    <Image Include="small.ico">
      <Filter>리소스 파일</Filter>
    </Image>
    <Image Include="windowAPI.ico">
      <Filter>리소스 파일</Filter>
    </Image>
  </ItemGroup>
  <ItemGroup>
    <None Include="cpp.hint" />
  </ItemGroup>
</Project>